
Microsoft Visual Studio Solution File, Format Version 12.00
# Visual Studio Version 16
VisualStudioVersion = 16.0.30002.166
MinimumVisualStudioVersion = 10.0.40219.1
Project("{FAE04EC0-301F-11D3-BF4B-00C04F79EFBC}") = "WebApi", "WebApi\WebApi.csproj", "{0C542137-D103-4825-B636-C4E9D8E7EFC9}"
EndProject
Global
	GlobalSection(SolutionConfigurationPlatforms) = preSolution
		Debug|Any CPU = Debug|Any CPU
		Release|Any CPU = Release|Any CPU
	EndGlobalSection
	GlobalSection(ProjectConfigurationPlatforms) = postSolution
		{0C542137-D103-4825-B636-C4E9D8E7EFC9}.Debug|Any CPU.ActiveCfg = Debug|Any CPU
		{0C542137-D103-4825-B636-C4E9D8E7EFC9}.Debug|Any CPU.Build.0 = Debug|Any CPU
		{0C542137-D103-4825-B636-C4E9D8E7EFC9}.Release|Any CPU.ActiveCfg = Release|Any CPU
		{0C542137-D103-4825-B636-C4E9D8E7EFC9}.Release|Any CPU.Build.0 = Release|Any CPU
	EndGlobalSection
	GlobalSection(SolutionProperties) = preSolution
		HideSolutionNode = FALSE
	EndGlobalSection
	GlobalSection(ExtensibilityGlobals) = postSolution
		SolutionGuid = {65584FD6-4295-480B-B02D-ADAC34713D84}
	EndGlobalSection
EndGlobal
